
Microsoft Visual Studio Solution File, Format Version 12.00
# Visual Studio Version 17
VisualStudioVersion = 17.7.34031.279
MinimumVisualStudioVersion = 10.0.40219.1
Project("{9A19103F-16F7-4668-BE54-9A1E7A4F7556}") = "RPG_Elfshock", "RPG_Elfshock\RPG_Elfshock.csproj", "{FF2ED64A-359D-4B34-8E06-891F7E9F56AE}"
EndProject
Project("{FAE04EC0-301F-11D3-BF4B-00C04F79EFBC}") = "RPG_Elfshock.DataRpg", "RPG_Elfshock.DataRpg\RPG_Elfshock.DataRpg.csproj", "{425AF589-0EC9-4679-8722-1AE5FE175279}"
EndProject
Project("{FAE04EC0-301F-11D3-BF4B-00C04F79EFBC}") = "RPG_Elfshock.Common", "RPG_Elfshock.Common\RPG_Elfshock.Common.csproj", "{947BCBC4-F28E-4FA1-92B1-036F16DBF180}"
EndProject
Global
	GlobalSection(SolutionConfigurationPlatforms) = preSolution
		Debug|Any CPU = Debug|Any CPU
		Release|Any CPU = Release|Any CPU
	EndGlobalSection
	GlobalSection(ProjectConfigurationPlatforms) = postSolution
		{FF2ED64A-359D-4B34-8E06-891F7E9F56AE}.Debug|Any CPU.ActiveCfg = Debug|Any CPU
		{FF2ED64A-359D-4B34-8E06-891F7E9F56AE}.Debug|Any CPU.Build.0 = Debug|Any CPU
		{FF2ED64A-359D-4B34-8E06-891F7E9F56AE}.Release|Any CPU.ActiveCfg = Release|Any CPU
		{FF2ED64A-359D-4B34-8E06-891F7E9F56AE}.Release|Any CPU.Build.0 = Release|Any CPU
		{425AF589-0EC9-4679-8722-1AE5FE175279}.Debug|Any CPU.ActiveCfg = Debug|Any CPU
		{425AF589-0EC9-4679-8722-1AE5FE175279}.Debug|Any CPU.Build.0 = Debug|Any CPU
		{425AF589-0EC9-4679-8722-1AE5FE175279}.Release|Any CPU.ActiveCfg = Release|Any CPU
		{425AF589-0EC9-4679-8722-1AE5FE175279}.Release|Any CPU.Build.0 = Release|Any CPU
		{947BCBC4-F28E-4FA1-92B1-036F16DBF180}.Debug|Any CPU.ActiveCfg = Debug|Any CPU
		{947BCBC4-F28E-4FA1-92B1-036F16DBF180}.Debug|Any CPU.Build.0 = Debug|Any CPU
		{947BCBC4-F28E-4FA1-92B1-036F16DBF180}.Release|Any CPU.ActiveCfg = Release|Any CPU
		{947BCBC4-F28E-4FA1-92B1-036F16DBF180}.Release|Any CPU.Build.0 = Release|Any CPU
	EndGlobalSection
	GlobalSection(SolutionProperties) = preSolution
		HideSolutionNode = FALSE
	EndGlobalSection
	GlobalSection(ExtensibilityGlobals) = postSolution
		SolutionGuid = {CC5B85CF-C6F2-4058-B9C6-9D6126D16F66}
	EndGlobalSection
EndGlobal
